# This file is automatically @generated by Cargo.
# It is not intended for manual editing.
[[package]]
name = "primitives"
version = "0.1.0"

[[package]]
name = "runtime"
version = "0.1.0"
dependencies = [
 "primitives",
 "state",
]

[[package]]
name = "state"
version = "0.1.0"
dependencies = [
 "primitives",
]
